
Microsoft Visual Studio Solution File, Format Version 12.00
# Visual Studio Version 17
VisualStudioVersion = 17.13.35919.96
MinimumVisualStudioVersion = 10.0.40219.1
Project("{FAE04EC0-301F-11D3-BF4B-00C04F79EFBC}") = "PresentationLayer", "STEMSeperation\PresentationLayer.csproj", "{A48325CF-96CB-44DD-862F-76EA8A2CA6CF}"
EndProject
Project("{FAE04EC0-301F-11D3-BF4B-00C04F79EFBC}") = "BusinessLayerLogic", "BusinessLayerLogic\BusinessLayerLogic.csproj", "{047337A2-F9A9-4A2C-AE1A-C5871BC7DC1A}"
EndProject
Project("{FAE04EC0-301F-11D3-BF4B-00C04F79EFBC}") = "DatabaseLayerLogic", "DatabaseLayerLogic\DatabaseLayerLogic.csproj", "{1CBB4761-7DBA-4473-B05A-AB204C9D82B9}"
EndProject
Global
	GlobalSection(SolutionConfigurationPlatforms) = preSolution
		Debug|Any CPU = Debug|Any CPU
		Release|Any CPU = Release|Any CPU
	EndGlobalSection
	GlobalSection(ProjectConfigurationPlatforms) = postSolution
		{A48325CF-96CB-44DD-862F-76EA8A2CA6CF}.Debug|Any CPU.ActiveCfg = Debug|Any CPU
		{A48325CF-96CB-44DD-862F-76EA8A2CA6CF}.Debug|Any CPU.Build.0 = Debug|Any CPU
		{A48325CF-96CB-44DD-862F-76EA8A2CA6CF}.Release|Any CPU.ActiveCfg = Release|Any CPU
		{A48325CF-96CB-44DD-862F-76EA8A2CA6CF}.Release|Any CPU.Build.0 = Release|Any CPU
		{047337A2-F9A9-4A2C-AE1A-C5871BC7DC1A}.Debug|Any CPU.ActiveCfg = Debug|Any CPU
		{047337A2-F9A9-4A2C-AE1A-C5871BC7DC1A}.Debug|Any CPU.Build.0 = Debug|Any CPU
		{047337A2-F9A9-4A2C-AE1A-C5871BC7DC1A}.Release|Any CPU.ActiveCfg = Release|Any CPU
		{047337A2-F9A9-4A2C-AE1A-C5871BC7DC1A}.Release|Any CPU.Build.0 = Release|Any CPU
		{1CBB4761-7DBA-4473-B05A-AB204C9D82B9}.Debug|Any CPU.ActiveCfg = Debug|Any CPU
		{1CBB4761-7DBA-4473-B05A-AB204C9D82B9}.Debug|Any CPU.Build.0 = Debug|Any CPU
		{1CBB4761-7DBA-4473-B05A-AB204C9D82B9}.Release|Any CPU.ActiveCfg = Release|Any CPU
		{1CBB4761-7DBA-4473-B05A-AB204C9D82B9}.Release|Any CPU.Build.0 = Release|Any CPU
	EndGlobalSection
	GlobalSection(SolutionProperties) = preSolution
		HideSolutionNode = FALSE
	EndGlobalSection
	GlobalSection(ExtensibilityGlobals) = postSolution
		SolutionGuid = {F612E8AD-04AE-4702-8578-435D7668FA7A}
	EndGlobalSection
EndGlobal
